
Microsoft Visual Studio Solution File, Format Version 12.00
Project("{FAE04EC0-301F-11D3-BF4B-00C04F79EFBC}") = "ScpKilledBy", "ScpKilledBy\ScpKilledBy.csproj", "{585068C8-9BC3-47A6-AF3E-A24F8B29381E}"
EndProject
Global
	GlobalSection(SolutionConfigurationPlatforms) = preSolution
		Debug|Any CPU = Debug|Any CPU
		Release|Any CPU = Release|Any CPU
	EndGlobalSection
	GlobalSection(ProjectConfigurationPlatforms) = postSolution
		{585068C8-9BC3-47A6-AF3E-A24F8B29381E}.Debug|Any CPU.ActiveCfg = Debug|Any CPU
		{585068C8-9BC3-47A6-AF3E-A24F8B29381E}.Debug|Any CPU.Build.0 = Debug|Any CPU
		{585068C8-9BC3-47A6-AF3E-A24F8B29381E}.Release|Any CPU.ActiveCfg = Release|Any CPU
		{585068C8-9BC3-47A6-AF3E-A24F8B29381E}.Release|Any CPU.Build.0 = Release|Any CPU
	EndGlobalSection
EndGlobal
